
Microsoft Visual Studio Solution File, Format Version 12.00
# Visual Studio Version 17
VisualStudioVersion = 17.11.35312.102
MinimumVisualStudioVersion = 10.0.40219.1
Project("{888888A0-9F3D-457C-B088-3A5042F75D52}") = "Asistente Virtual Demo LHG", "Asistente Virtual Demo LHG.pyproj", "{81BD0EA1-3F45-4EEF-BEC4-6996CAE4A1C6}"
EndProject
Project("{54A90642-561A-4BB1-A94E-469ADEE60C69}") = "frontend", "FrontEnd\frontend.esproj", "{21553B2E-DA58-492D-8C9D-B91487288088}"
EndProject
Global
	GlobalSection(SolutionConfigurationPlatforms) = preSolution
		Debug|Any CPU = Debug|Any CPU
		Release|Any CPU = Release|Any CPU
	EndGlobalSection
	GlobalSection(ProjectConfigurationPlatforms) = postSolution
		{81BD0EA1-3F45-4EEF-BEC4-6996CAE4A1C6}.Debug|Any CPU.ActiveCfg = Debug|Any CPU
		{81BD0EA1-3F45-4EEF-BEC4-6996CAE4A1C6}.Debug|Any CPU.Build.0 = Debug|Any CPU
		{81BD0EA1-3F45-4EEF-BEC4-6996CAE4A1C6}.Release|Any CPU.ActiveCfg = Release|Any CPU
		{81BD0EA1-3F45-4EEF-BEC4-6996CAE4A1C6}.Release|Any CPU.Build.0 = Release|Any CPU
		{21553B2E-DA58-492D-8C9D-B91487288088}.Debug|Any CPU.ActiveCfg = Debug|Any CPU
		{21553B2E-DA58-492D-8C9D-B91487288088}.Debug|Any CPU.Build.0 = Debug|Any CPU
		{21553B2E-DA58-492D-8C9D-B91487288088}.Debug|Any CPU.Deploy.0 = Debug|Any CPU
		{21553B2E-DA58-492D-8C9D-B91487288088}.Release|Any CPU.ActiveCfg = Release|Any CPU
		{21553B2E-DA58-492D-8C9D-B91487288088}.Release|Any CPU.Build.0 = Release|Any CPU
		{21553B2E-DA58-492D-8C9D-B91487288088}.Release|Any CPU.Deploy.0 = Release|Any CPU
	EndGlobalSection
	GlobalSection(SolutionProperties) = preSolution
		HideSolutionNode = FALSE
	EndGlobalSection
	GlobalSection(ExtensibilityGlobals) = postSolution
		SolutionGuid = {7042F8E9-46D9-4148-8E22-26DB95DDBE51}
	EndGlobalSection
EndGlobal
